PODS:
  - Alamofire (4.2.0)
  - Aria2 (0.1.0):
    - Alamofire (~> 4.2)
    - Gloss (~> 1.1)
    - Starscream (~> 2.0)
  - Gloss (1.1.0)
  - Starscream (2.0.2)

DEPENDENCIES:
  - Aria2 (from `../`)

EXTERNAL SOURCES:
  Aria2:
    :path: "../"

SPEC CHECKSUMS:
  Alamofire: aa2e09d871c9160ac53c90e83c68064a94e3dfbe
  Aria2: c47d35fd9498ede479be2f75b41c5586ce43ea82
  Gloss: a8340c124ff69c5d1c12e06c252373f4a16d2958
  Starscream: 6c135a34e0a6e60cedaa0b30db67a4c05cf7cd38

PODFILE CHECKSUM: db5dc0a5d6fb050217f0783e527eb4afa66fc6f7

COCOAPODS: 1.2.0.beta.1
